
Microsoft Visual Studio Solution File, Format Version 12.00
# Visual Studio Version 16
VisualStudioVersion = 16.0.29503.13
MinimumVisualStudioVersion = 10.0.40219.1
Project("{9A19103F-16F7-4668-BE54-9A1E7A4F7556}") = "EFCoreApp2020", "EFCoreApp2020\EFCoreApp2020.csproj", "{BF431904-A43D-4467-9444-4001FB848726}"
EndProject
Project("{FAE04EC0-301F-11D3-BF4B-00C04F79EFBC}") = "WebAPITuto", "WebAPITuto\WebAPITuto.csproj", "{DD7D2CF5-E7E3-4AE7-A54C-91D81532A3E8}"
EndProject
Global
	GlobalSection(SolutionConfigurationPlatforms) = preSolution
		Debug|Any CPU = Debug|Any CPU
		Release|Any CPU = Release|Any CPU
	EndGlobalSection
	GlobalSection(ProjectConfigurationPlatforms) = postSolution
		{BF431904-A43D-4467-9444-4001FB848726}.Debug|Any CPU.ActiveCfg = Debug|Any CPU
		{BF431904-A43D-4467-9444-4001FB848726}.Debug|Any CPU.Build.0 = Debug|Any CPU
		{BF431904-A43D-4467-9444-4001FB848726}.Release|Any CPU.ActiveCfg = Release|Any CPU
		{BF431904-A43D-4467-9444-4001FB848726}.Release|Any CPU.Build.0 = Release|Any CPU
		{DD7D2CF5-E7E3-4AE7-A54C-91D81532A3E8}.Debug|Any CPU.ActiveCfg = Debug|Any CPU
		{DD7D2CF5-E7E3-4AE7-A54C-91D81532A3E8}.Debug|Any CPU.Build.0 = Debug|Any CPU
		{DD7D2CF5-E7E3-4AE7-A54C-91D81532A3E8}.Release|Any CPU.ActiveCfg = Release|Any CPU
		{DD7D2CF5-E7E3-4AE7-A54C-91D81532A3E8}.Release|Any CPU.Build.0 = Release|Any CPU
	EndGlobalSection
	GlobalSection(SolutionProperties) = preSolution
		HideSolutionNode = FALSE
	EndGlobalSection
	GlobalSection(ExtensibilityGlobals) = postSolution
		SolutionGuid = {CE4C06F7-76B6-4B6F-B62A-E6E0857F41E3}
	EndGlobalSection
EndGlobal
